{
  "name": "tiddlywiki-azure-ci",
  "version": "0.0.0",
  "lockfileVersion": 3,
  "requires": true,
  "packages": {
    "": {
      "name": "tiddlywiki-azure-ci",
      "version": "0.0.0",
      "license": "BSD",
      "dependencies": {
        "tiddlywiki": "github:Jermolene/TiddlyWiki5#multi-wiki-support-wasm"
      },
      "engines": {
        "node": ">=20.0.0"
      }
    },
    "node_modules/node-sqlite3-wasm": {
      "version": "0.8.9",
      "resolved": "https://registry.npmjs.org/node-sqlite3-wasm/-/node-sqlite3-wasm-0.8.9.tgz",
      "integrity": "sha512-bg915VnPUSplAQLtpjrJ+Y8ht2se4JsydvxChXQ/J539lshLM9YaA8ymAcJsY/fPIfiiQ5EF7mdBlnLUeiNesQ=="
    },
    "node_modules/tiddlywiki": {
      "version": "5.3.4-prerelease",
      "resolved": "git+ssh://git@github.com/Jermolene/TiddlyWiki5.git#2a93d64f3daad93a9f329da84012cdf366759799",
      "license": "BSD",
      "dependencies": {
        "node-sqlite3-wasm": "^0.8.9"
      },
      "bin": {
        "tiddlywiki": "tiddlywiki.js"
      },
      "engines": {
        "node": ">=0.8.2"
      }
    }
  }
}
