{
  "name": "tiddlywiki-azure-ci",
  "version": "0.0.0",
  "lockfileVersion": 3,
  "requires": true,
  "packages": {
    "": {
      "name": "tiddlywiki-azure-ci",
      "version": "0.0.0",
      "license": "BSD",
      "dependencies": {
        "tiddlywiki": "github:Jermolene/TiddlyWiki5#multi-wiki-support-wasm"
      },
      "engines": {
        "node": ">=20.0.0"
      }
    },
    "node_modules/node-sqlite3-wasm": {
      "version": "0.8.10",
      "resolved": "https://registry.npmjs.org/node-sqlite3-wasm/-/node-sqlite3-wasm-0.8.10.tgz",
      "integrity": "sha512-is4xaYRCIHxYsL9rY7AbutnPIoOqBqEzIiQrm/X5QzFQEgyF18Rob3Wj096NuShTWq6ZmQIMcvTaF5vfHbSdjw=="
    },
    "node_modules/tiddlywiki": {
      "version": "5.3.4-prerelease",
      "resolved": "git+ssh://git@github.com/Jermolene/TiddlyWiki5.git#92eceebe7b92b1155b2965934483149d341e4f83",
      "license": "BSD",
      "dependencies": {
        "node-sqlite3-wasm": "^0.8.9"
      },
      "bin": {
        "tiddlywiki": "tiddlywiki.js"
      },
      "engines": {
        "node": ">=0.8.2"
      }
    }
  }
}
